
Microsoft Visual Studio Solution File, Format Version 12.00
# Visual Studio 2013
VisualStudioVersion = 12.0.21005.1
MinimumVisualStudioVersion = 10.0.40219.1
Project("{FAE04EC0-301F-11D3-BF4B-00C04F79EFBC}") = "JquerySome", "JquerySome\JquerySome.csproj", "{3C1D0B64-4826-4FD2-B186-7D58B71348DE}"
EndProject
Project("{FAE04EC0-301F-11D3-BF4B-00C04F79EFBC}") = "GooglePlugin", "GooglePlugin\GooglePlugin.csproj", "{59A694A1-F95C-4390-AAE8-C722BAFF2414}"
EndProject
Global
	GlobalSection(SolutionConfigurationPlatforms) = preSolution
		Debug|Any CPU = Debug|Any CPU
		Release|Any CPU = Release|Any CPU
	EndGlobalSection
	GlobalSection(ProjectConfigurationPlatforms) = postSolution
		{3C1D0B64-4826-4FD2-B186-7D58B71348DE}.Debug|Any CPU.ActiveCfg = Debug|Any CPU
		{3C1D0B64-4826-4FD2-B186-7D58B71348DE}.Debug|Any CPU.Build.0 = Debug|Any CPU
		{3C1D0B64-4826-4FD2-B186-7D58B71348DE}.Release|Any CPU.ActiveCfg = Release|Any CPU
		{3C1D0B64-4826-4FD2-B186-7D58B71348DE}.Release|Any CPU.Build.0 = Release|Any CPU
		{59A694A1-F95C-4390-AAE8-C722BAFF2414}.Debug|Any CPU.ActiveCfg = Debug|Any CPU
		{59A694A1-F95C-4390-AAE8-C722BAFF2414}.Debug|Any CPU.Build.0 = Debug|Any CPU
		{59A694A1-F95C-4390-AAE8-C722BAFF2414}.Release|Any CPU.ActiveCfg = Release|Any CPU
		{59A694A1-F95C-4390-AAE8-C722BAFF2414}.Release|Any CPU.Build.0 = Release|Any CPU
	EndGlobalSection
	GlobalSection(SolutionProperties) = preSolution
		HideSolutionNode = FALSE
	EndGlobalSection
EndGlobal
